
Microsoft Visual Studio Solution File, Format Version 12.00
# Visual Studio Version 17
VisualStudioVersion = 17.9.34622.214
MinimumVisualStudioVersion = 10.0.40219.1
Project("{FAE04EC0-301F-11D3-BF4B-00C04F79EFBC}") = "PieShopMethods", "PieShopMethods\PieShopMethods.csproj", "{5B1E5870-8794-407D-848D-E74D1F26AD43}"
EndProject
Global
	GlobalSection(SolutionConfigurationPlatforms) = preSolution
		Debug|Any CPU = Debug|Any CPU
		Release|Any CPU = Release|Any CPU
	EndGlobalSection
	GlobalSection(ProjectConfigurationPlatforms) = postSolution
		{5B1E5870-8794-407D-848D-E74D1F26AD43}.Debug|Any CPU.ActiveCfg = Debug|Any CPU
		{5B1E5870-8794-407D-848D-E74D1F26AD43}.Debug|Any CPU.Build.0 = Debug|Any CPU
		{5B1E5870-8794-407D-848D-E74D1F26AD43}.Release|Any CPU.ActiveCfg = Release|Any CPU
		{5B1E5870-8794-407D-848D-E74D1F26AD43}.Release|Any CPU.Build.0 = Release|Any CPU
	EndGlobalSection
	GlobalSection(SolutionProperties) = preSolution
		HideSolutionNode = FALSE
	EndGlobalSection
	GlobalSection(ExtensibilityGlobals) = postSolution
		SolutionGuid = {11564E04-8E35-4C75-BBC8-96DD6E45C97A}
	EndGlobalSection
EndGlobal
